
Microsoft Visual Studio Solution File, Format Version 12.00
# Visual Studio 15
VisualStudioVersion = 15.0.28307.539
MinimumVisualStudioVersion = 10.0.40219.1
Project("{FAE04EC0-301F-11D3-BF4B-00C04F79EFBC}") = "HangfireWebApi", "HangfireWebApi\HangfireWebApi.csproj", "{DE4BBCE4-3A52-4459-B0A4-D4E07D7EEB00}"
EndProject
Global
	GlobalSection(SolutionConfigurationPlatforms) = preSolution
		Debug|Any CPU = Debug|Any CPU
		Release|Any CPU = Release|Any CPU
	EndGlobalSection
	GlobalSection(ProjectConfigurationPlatforms) = postSolution
		{DE4BBCE4-3A52-4459-B0A4-D4E07D7EEB00}.Debug|Any CPU.ActiveCfg = Debug|Any CPU
		{DE4BBCE4-3A52-4459-B0A4-D4E07D7EEB00}.Debug|Any CPU.Build.0 = Debug|Any CPU
		{DE4BBCE4-3A52-4459-B0A4-D4E07D7EEB00}.Release|Any CPU.ActiveCfg = Release|Any CPU
		{DE4BBCE4-3A52-4459-B0A4-D4E07D7EEB00}.Release|Any CPU.Build.0 = Release|Any CPU
	EndGlobalSection
	GlobalSection(SolutionProperties) = preSolution
		HideSolutionNode = FALSE
	EndGlobalSection
	GlobalSection(ExtensibilityGlobals) = postSolution
		SolutionGuid = {5CA1E67D-5C5D-4A01-A8B6-9409B9500CCE}
	EndGlobalSection
EndGlobal
